// !$*UTF8*$!
{
	archiveVersion = 1;
	classes = {
	};
	objectVersion = 77;
	objects = {

/* Begin PBXBuildFile section */
		94577B5B2F54318300687B58 /* ComposableArchitecture in Frameworks */ = {isa = PBXBuildFile; productRef = 94577B5A2F54318300687B58 /* ComposableArchitecture */; };
/* End PBXBuildFile section */

/* Begin PBXContainerItemProxy section */
		940A6B122F53437E0036217A /* PBXContainerItemProxy */ = {
			isa = PBXContainerItemProxy;
			containerPortal = 940A6AFC2F53437D0036217A /* Project object */;
			proxyType = 1;
			remoteGlobalIDString = 940A6B032F53437D0036217A;
			remoteInfo = "ios-audio-trimmer";
		};
		940A6B1C2F53437E0036217A /* PBXContainerItemProxy */ = {
			isa = PBXContainerItemProxy;
			containerPortal = 940A6AFC2F53437D0036217A /* Project object */;
			proxyType = 1;
			remoteGlobalIDString = 940A6B032F53437D0036217A;
			remoteInfo = "ios-audio-trimmer";
		};
/* End PBXContainerItemProxy section */

/* Begin PBXFileReference section */
		940A6B042F53437D0036217A /* ios-audio-trimmer.app */ = {isa = PBXFileReference; explicitFileType = wrapper.application; includeInIndex = 0; path = "ios-audio-trimmer.app"; sourceTree = BUILT_PRODUCTS_DIR; };
		940A6B112F53437E0036217A /* ios-audio-trimmerTests.xctest */ = {isa = PBXFileReference; explicitFileType = wrapper.cfbundle; includeInIndex = 0; path = "ios-audio-trimmerTests.xctest"; sourceTree = BUILT_PRODUCTS_DIR; };
		940A6B1B2F53437E0036217A /* ios-audio-trimmerUITests.xctest */ = {isa = PBXFileReference; explicitFileType = wrapper.cfbundle; includeInIndex = 0; path = "ios-audio-trimmerUITests.xctest"; sourceTree = BUILT_PRODUCTS_DIR; };
/* End PBXFileReference section */

/* Begin PBXFileSystemSynchronizedRootGroup section */
		940A6B062F53437D0036217A /* ios-audio-trimmer */ = {
			isa = PBXFileSystemSynchronizedRootGroup;
			path = "ios-audio-trimmer";
			sourceTree = "<group>";
		};
		940A6B142F53437E0036217A /* ios-audio-trimmerTests */ = {
			isa = PBXFileSystemSynchronizedRootGroup;
			path = "ios-audio-trimmerTests";
			sourceTree = "<group>";
		};
		940A6B1E2F53437E0036217A /* ios-audio-trimmerUITests */ = {
			isa = PBXFileSystemSynchronizedRootGroup;
			path = "ios-audio-trimmerUITests";
			sourceTree = "<group>";
		};
/* End PBXFileSystemSynchronizedRootGroup section */

/* Begin PBXFrameworksBuildPhase section */
		940A6B012F53437D0036217A /* Frameworks */ = {
			isa = PBXFrameworksBuildPhase;
			buildActionMask = 2147483647;
			files = (
				94577B5B2F54318300687B58 /* ComposableArchitecture in Frameworks */,
			);
			runOnlyForDeploymentPostprocessing = 0;
		};
		940A6B0E2F53437E0036217A /* Frameworks */ = {
			isa = PBXFrameworksBuildPhase;
			buildActionMask = 2147483647;
			files = (
			);
			runOnlyForDeploymentPostprocessing = 0;
		};
		940A6B182F53437E0036217A /* Frameworks */ = {
			isa = PBXFrameworksBuildPhase;
			buildActionMask = 2147483647;
			files = (
			);
			runOnlyForDeploymentPostprocessing = 0;
		};
/* End PBXFrameworksBuildPhase section */

/* Begin PBXGroup section */
		940A6AFB2F53437D0036217A = {
			isa = PBXGroup;
			children = (
				940A6B062F53437D0036217A /* ios-audio-trimmer */,
				940A6B142F53437E0036217A /* ios-audio-trimmerTests */,
				940A6B1E2F53437E0036217A /* ios-audio-trimmerUITests */,
				94577B592F54318300687B58 /* Frameworks */,
				940A6B052F53437D0036217A /* Products */,
			);
			sourceTree = "<group>";
		};
		940A6B052F53437D0036217A /* Products */ = {
			isa = PBXGroup;
			children = (
				940A6B042F53437D0036217A /* ios-audio-trimmer.app */,
				940A6B112F53437E0036217A /* ios-audio-trimmerTests.xctest */,
				940A6B1B2F53437E0036217A /* ios-audio-trimmerUITests.xctest */,
			);
			name = Products;
			sourceTree = "<group>";
		};
		94577B592F54318300687B58 /* Frameworks */ = {
			isa = PBXGroup;
			children = (
			);
			name = Frameworks;
			sourceTree = "<group>";
		};
/* End PBXGroup section */

/* Begin PBXNativeTarget section */
		940A6B032F53437D0036217A /* ios-audio-trimmer */ = {
			isa = PBXNativeTarget;
			buildConfigurationList = 940A6B252F53437E0036217A /* Build configuration list for PBXNativeTarget "ios-audio-trimmer" */;
			buildPhases = (
				940A6B002F53437D0036217A /* Sources */,
				940A6B012F53437D0036217A /* Frameworks */,
				940A6B022F53437D0036217A /* Resources */,
			);
			buildRules = (
			);
			dependencies = (
			);
			fileSystemSynchronizedGroups = (
				940A6B062F53437D0036217A /* ios-audio-trimmer */,
			);
			name = "ios-audio-trimmer";
			packageProductDependencies = (
				94577B5A2F54318300687B58 /* ComposableArchitecture */,
			);
			productName = "ios-audio-trimmer";
			productReference = 940A6B042F53437D0036217A /* ios-audio-trimmer.app */;
			productType = "com.apple.product-type.application";
		};
		940A6B102F53437E0036217A /* ios-audio-trimmerTests */ = {
			isa = PBXNativeTarget;
			buildConfigurationList = 940A6B282F53437E0036217A /* Build configuration list for PBXNativeTarget "ios-audio-trimmerTests" */;
			buildPhases = (
				940A6B0D2F53437E0036217A /* Sources */,
				940A6B0E2F53437E0036217A /* Frameworks */,
				940A6B0F2F53437E0036217A /* Resources */,
			);
			buildRules = (
			);
			dependencies = (
				940A6B132F53437E0036217A /* PBXTargetDependency */,
			);
			fileSystemSynchronizedGroups = (
				940A6B142F53437E0036217A /* ios-audio-trimmerTests */,
			);
			name = "ios-audio-trimmerTests";
			packageProductDependencies = (
			);
			productName = "ios-audio-trimmerTests";
			productReference = 940A6B112F53437E0036217A /* ios-audio-trimmerTests.xctest */;
			productType = "com.apple.product-type.bundle.unit-test";
		};
		940A6B1A2F53437E0036217A /* ios-audio-trimmerUITests */ = {
			isa = PBXNativeTarget;
			buildConfigurationList = 940A6B2B2F53437E0036217A /* Build configuration list for PBXNativeTarget "ios-audio-trimmerUITests" */;
			buildPhases = (
				940A6B172F53437E0036217A /* Sources */,
				940A6B182F53437E0036217A /* Frameworks */,
				940A6B192F53437E0036217A /* Resources */,
			);
			buildRules = (
			);
			dependencies = (
				940A6B1D2F53437E0036217A /* PBXTargetDependency */,
			);
			fileSystemSynchronizedGroups = (
				940A6B1E2F53437E0036217A /* ios-audio-trimmerUITests */,
			);
			name = "ios-audio-trimmerUITests";
			packageProductDependencies = (
			);
			productName = "ios-audio-trimmerUITests";
			productReference = 940A6B1B2F53437E0036217A /* ios-audio-trimmerUITests.xctest */;
			productType = "com.apple.product-type.bundle.ui-testing";
		};
/* End PBXNativeTarget section */

/* Begin PBXProject section */
		940A6AFC2F53437D0036217A /* Project object */ = {
			isa = PBXProject;
			attributes = {
				BuildIndependentTargetsInParallel = 1;
				LastSwiftUpdateCheck = 2630;
				LastUpgradeCheck = 2630;
				TargetAttributes = {
					940A6B032F53437D0036217A = {
						CreatedOnToolsVersion = 26.3;
					};
					940A6B102F53437E0036217A = {
						CreatedOnToolsVersion = 26.3;
						TestTargetID = 940A6B032F53437D0036217A;
					};
					940A6B1A2F53437E0036217A = {
						CreatedOnToolsVersion = 26.3;
						TestTargetID = 940A6B032F53437D0036217A;
					};
				};
			};
			buildConfigurationList = 940A6AFF2F53437D0036217A /* Build configuration list for PBXProject "ios-audio-trimmer" */;
			developmentRegion = en;
			hasScannedForEncodings = 0;
			knownRegions = (
				en,
				Base,
			);
			mainGroup = 940A6AFB2F53437D0036217A;
			minimizedProjectReferenceProxies = 1;
			packageReferences = (
				940A6B342F54265A0036217A /* XCRemoteSwiftPackageReference "swift-composable-architecture" */,
			);
			preferredProjectObjectVersion = 77;
			productRefGroup = 940A6B052F53437D0036217A /* Products */;
			projectDirPath = "";
			projectRoot = "";
			targets = (
				940A6B032F53437D0036217A /* ios-audio-trimmer */,
				940A6B102F53437E0036217A /* ios-audio-trimmerTests */,
				940A6B1A2F53437E0036217A /* ios-audio-trimmerUITests */,
			);
		};
/* End PBXProject section */

/* Begin PBXResourcesBuildPhase section */
		940A6B022F53437D0036217A /* Resources */ = {
			isa = PBXResourcesBuildPhase;
			buildActionMask = 2147483647;
			files = (
			);
			runOnlyForDeploymentPostprocessing = 0;
		};
		940A6B0F2F53437E0036217A /* Resources */ = {
			isa = PBXResourcesBuildPhase;
			buildActionMask = 2147483647;
			files = (
			);
			runOnlyForDeploymentPostprocessing = 0;
		};
		940A6B192F53437E0036217A /* Resources */ = {
			isa = PBXResourcesBuildPhase;
			buildActionMask = 2147483647;
			files = (
			);
			runOnlyForDeploymentPostprocessing = 0;
		};
/* End PBXResourcesBuildPhase section */

/* Begin PBXSourcesBuildPhase section */
		940A6B002F53437D0036217A /* Sources */ = {
			isa = PBXSourcesBuildPhase;
			buildActionMask = 2147483647;
			files = (
			);
			runOnlyForDeploymentPostprocessing = 0;
		};
		940A6B0D2F53437E0036217A /* Sources */ = {
			isa = PBXSourcesBuildPhase;
			buildActionMask = 2147483647;
			files = (
			);
			runOnlyForDeploymentPostprocessing = 0;
		};
		940A6B172F53437E0036217A /* Sources */ = {
			isa = PBXSourcesBuildPhase;
			buildActionMask = 2147483647;
			files = (
			);
			runOnlyForDeploymentPostprocessing = 0;
		};
/* End PBXSourcesBuildPhase section */

/* Begin PBXTargetDependency section */
		940A6B132F53437E0036217A /* PBXTargetDependency */ = {
			isa = PBXTargetDependency;
			target = 940A6B032F53437D0036217A /* ios-audio-trimmer */;
			targetProxy = 940A6B122F53437E0036217A /* PBXContainerItemProxy */;
		};
		940A6B1D2F53437E0036217A /* PBXTargetDependency */ = {
			isa = PBXTargetDependency;
			target = 940A6B032F53437D0036217A /* ios-audio-trimmer */;
			targetProxy = 940A6B1C2F53437E0036217A /* PBXContainerItemProxy */;
		};
/* End PBXTargetDependency section */

/* Begin XCBuildConfiguration section */
		940A6B232F53437E0036217A /* Debug */ = {
			isa = XCBuildConfiguration;
			buildSettings = {
				ALWAYS_SEARCH_USER_PATHS = NO;
				ASSETCATALOG_COMPILER_GENERATE_SWIFT_ASSET_SYMBOL_EXTENSIONS = YES;
				CLANG_ANALYZER_NONNULL = YES;
				CLANG_ANALYZER_NUMBER_OBJECT_CONVERSION = YES_AGGRESSIVE;
				CLANG_CXX_LANGUAGE_STANDARD = "gnu++20";
				CLANG_ENABLE_MODULES = YES;
				CLANG_ENABLE_OBJC_ARC = YES;
				CLANG_ENABLE_OBJC_WEAK = YES;
				CLANG_WARN_BLOCK_CAPTURE_AUTORELEASING = YES;
				CLANG_WARN_BOOL_CONVERSION = YES;
				CLANG_WARN_COMMA = YES;
				CLANG_WARN_CONSTANT_CONVERSION = YES;
				CLANG_WARN_DEPRECATED_OBJC_IMPLEMENTATIONS = YES;
				CLANG_WARN_DIRECT_OBJC_ISA_USAGE = YES_ERROR;
				CLANG_WARN_DOCUMENTATION_COMMENTS = YES;
				CLANG_WARN_EMPTY_BODY = YES;
				CLANG_WARN_ENUM_CONVERSION = YES;
				CLANG_WARN_INFINITE_RECURSION = YES;
				CLANG_WARN_INT_CONVERSION = YES;
				CLANG_WARN_NON_LITERAL_NULL_CONVERSION = YES;
				CLANG_WARN_OBJC_IMPLICIT_RETAIN_SELF = YES;
				CLANG_WARN_OBJC_LITERAL_CONVERSION = YES;
				CLANG_WARN_OBJC_ROOT_CLASS = YES_ERROR;
				CLANG_WARN_QUOTED_INCLUDE_IN_FRAMEWORK_HEADER = YES;
				CLANG_WARN_RANGE_LOOP_ANALYSIS = YES;
				CLANG_WARN_STRICT_PROTOTYPES = YES;
				CLANG_WARN_SUSPICIOUS_MOVE = YES;
				CLANG_WARN_UNGUARDED_AVAILABILITY = YES_AGGRESSIVE;
				CLANG_WARN_UNREACHABLE_CODE = YES;
				CLANG_WARN__DUPLICATE_METHOD_MATCH = YES;
				COPY_PHASE_STRIP = NO;
				DEBUG_INFORMATION_FORMAT = dwarf;
				DEVELOPMENT_TEAM = 7V8XWW9V4Y;
				ENABLE_STRICT_OBJC_MSGSEND = YES;
				ENABLE_TESTABILITY = YES;
				ENABLE_USER_SCRIPT_SANDBOXING = YES;
				GCC_C_LANGUAGE_STANDARD = gnu17;
				GCC_DYNAMIC_NO_PIC = NO;
				GCC_NO_COMMON_BLOCKS = YES;
				GCC_OPTIMIZATION_LEVEL = 0;
				GCC_PREPROCESSOR_DEFINITIONS = (
					"DEBUG=1",
					"$(inherited)",
				);
				GCC_WARN_64_TO_32_BIT_CONVERSION = YES;
				GCC_WARN_ABOUT_RETURN_TYPE = YES_ERROR;
				GCC_WARN_UNDECLARED_SELECTOR = YES;
				GCC_WARN_UNINITIALIZED_AUTOS = YES_AGGRESSIVE;
				GCC_WARN_UNUSED_FUNCTION = YES;
				GCC_WARN_UNUSED_VARIABLE = YES;
				IPHONEOS_DEPLOYMENT_TARGET = 26.2;
				LOCALIZATION_PREFERS_STRING_CATALOGS = YES;
				MTL_ENABLE_DEBUG_INFO = INCLUDE_SOURCE;
				MTL_FAST_MATH = YES;
				ONLY_ACTIVE_ARCH = YES;
				SDKROOT = iphoneos;
				SWIFT_ACTIVE_COMPILATION_CONDITIONS = "DEBUG $(inherited)";
				SWIFT_OPTIMIZATION_LEVEL = "-Onone";
			};
			name = Debug;
		};
		940A6B242F53437E0036217A /* Release */ = {
			isa = XCBuildConfiguration;
			buildSettings = {
				ALWAYS_SEARCH_USER_PATHS = NO;
				ASSETCATALOG_COMPILER_GENERATE_SWIFT_ASSET_SYMBOL_EXTENSIONS = YES;
				CLANG_ANALYZER_NONNULL = YES;
				CLANG_ANALYZER_NUMBER_OBJECT_CONVERSION = YES_AGGRESSIVE;
				CLANG_CXX_LANGUAGE_STANDARD = "gnu++20";
				CLANG_ENABLE_MODULES = YES;
				CLANG_ENABLE_OBJC_ARC = YES;
				CLANG_ENABLE_OBJC_WEAK = YES;
				CLANG_WARN_BLOCK_CAPTURE_AUTORELEASING = YES;
				CLANG_WARN_BOOL_CONVERSION = YES;
				CLANG_WARN_COMMA = YES;
				CLANG_WARN_CONSTANT_CONVERSION = YES;
				CLANG_WARN_DEPRECATED_OBJC_IMPLEMENTATIONS = YES;
				CLANG_WARN_DIRECT_OBJC_ISA_USAGE = YES_ERROR;
				CLANG_WARN_DOCUMENTATION_COMMENTS = YES;
				CLANG_WARN_EMPTY_BODY = YES;
				CLANG_WARN_ENUM_CONVERSION = YES;
				CLANG_WARN_INFINITE_RECURSION = YES;
				CLANG_WARN_INT_CONVERSION = YES;
				CLANG_WARN_NON_LITERAL_NULL_CONVERSION = YES;
				CLANG_WARN_OBJC_IMPLICIT_RETAIN_SELF = YES;
				CLANG_WARN_OBJC_LITERAL_CONVERSION = YES;
				CLANG_WARN_OBJC_ROOT_CLASS = YES_ERROR;
				CLANG_WARN_QUOTED_INCLUDE_IN_FRAMEWORK_HEADER = YES;
				CLANG_WARN_RANGE_LOOP_ANALYSIS = YES;
				CLANG_WARN_STRICT_PROTOTYPES = YES;
				CLANG_WARN_SUSPICIOUS_MOVE = YES;
				CLANG_WARN_UNGUARDED_AVAILABILITY = YES_AGGRESSIVE;
				CLANG_WARN_UNREACHABLE_CODE = YES;
				CLANG_WARN__DUPLICATE_METHOD_MATCH = YES;
				COPY_PHASE_STRIP = NO;
				DEBUG_INFORMATION_FORMAT = "dwarf-with-dsym";
				DEVELOPMENT_TEAM = 7V8XWW9V4Y;
				ENABLE_NS_ASSERTIONS = NO;
				ENABLE_STRICT_OBJC_MSGSEND = YES;
				ENABLE_USER_SCRIPT_SANDBOXING = YES;
				GCC_C_LANGUAGE_STANDARD = gnu17;
				GCC_NO_COMMON_BLOCKS = YES;
				GCC_WARN_64_TO_32_BIT_CONVERSION = YES;
				GCC_WARN_ABOUT_RETURN_TYPE = YES_ERROR;
				GCC_WARN_UNDECLARED_SELECTOR = YES;
				GCC_WARN_UNINITIALIZED_AUTOS = YES_AGGRESSIVE;
				GCC_WARN_UNUSED_FUNCTION = YES;
				GCC_WARN_UNUSED_VARIABLE = YES;
				IPHONEOS_DEPLOYMENT_TARGET = 26.2;
				LOCALIZATION_PREFERS_STRING_CATALOGS = YES;
				MTL_ENABLE_DEBUG_INFO = NO;
				MTL_FAST_MATH = YES;
				SDKROOT = iphoneos;
				SWIFT_COMPILATION_MODE = wholemodule;
				VALIDATE_PRODUCT = YES;
			};
			name = Release;
		};
		940A6B262F53437E0036217A /* Debug */ = {
			isa = XCBuildConfiguration;
			buildSettings = {
				ASSETCATALOG_COMPILER_APPICON_NAME = AppIcon;
				ASSETCATALOG_COMPILER_GLOBAL_ACCENT_COLOR_NAME = AccentColor;
				CODE_SIGN_STYLE = Automatic;
				CURRENT_PROJECT_VERSION = 1;
				DEVELOPMENT_TEAM = 7V8XWW9V4Y;
				ENABLE_PREVIEWS = YES;
				GENERATE_INFOPLIST_FILE = YES;
				INFOPLIST_KEY_UIApplicationSceneManifest_Generation = YES;
				INFOPLIST_KEY_UIApplicationSupportsIndirectInputEvents = YES;
				INFOPLIST_KEY_UILaunchScreen_Generation = YES;
				INFOPLIST_KEY_UISupportedInterfaceOrientations_iPad = "UIInterfaceOrientationPortrait UIInterfaceOrientationPortraitUpsideDown UIInterfaceOrientationLandscapeLeft UIInterfaceOrientationLandscapeRight";
				INFOPLIST_KEY_UISupportedInterfaceOrientations_iPhone = "UIInterfaceOrientationPortrait UIInterfaceOrientationLandscapeLeft UIInterfaceOrientationLandscapeRight";
				LD_RUNPATH_SEARCH_PATHS = (
					"$(inherited)",
					"@executable_path/Frameworks",
				);
				MARKETING_VERSION = 1.0;
				PRODUCT_BUNDLE_IDENTIFIER = "niafan.ios-audio-trimmer";
				PRODUCT_NAME = "$(TARGET_NAME)";
				STRING_CATALOG_GENERATE_SYMBOLS = YES;
				SWIFT_APPROACHABLE_CONCURRENCY = YES;
				SWIFT_EMIT_LOC_STRINGS = YES;
				SWIFT_UPCOMING_FEATURE_MEMBER_IMPORT_VISIBILITY = YES;
				SWIFT_VERSION = 5.0;
				TARGETED_DEVICE_FAMILY = "1,2";
			};
			name = Debug;
		};
		940A6B272F53437E0036217A /* Release */ = {
			isa = XCBuildConfiguration;
			buildSettings = {
				ASSETCATALOG_COMPILER_APPICON_NAME = AppIcon;
				ASSETCATALOG_COMPILER_GLOBAL_ACCENT_COLOR_NAME = AccentColor;
				CODE_SIGN_STYLE = Automatic;
				CURRENT_PROJECT_VERSION = 1;
				DEVELOPMENT_TEAM = 7V8XWW9V4Y;
				ENABLE_PREVIEWS = YES;
				GENERATE_INFOPLIST_FILE = YES;
				INFOPLIST_KEY_UIApplicationSceneManifest_Generation = YES;
				INFOPLIST_KEY_UIApplicationSupportsIndirectInputEvents = YES;
				INFOPLIST_KEY_UILaunchScreen_Generation = YES;
				INFOPLIST_KEY_UISupportedInterfaceOrientations_iPad = "UIInterfaceOrientationPortrait UIInterfaceOrientationPortraitUpsideDown UIInterfaceOrientationLandscapeLeft UIInterfaceOrientationLandscapeRight";
				INFOPLIST_KEY_UISupportedInterfaceOrientations_iPhone = "UIInterfaceOrientationPortrait UIInterfaceOrientationLandscapeLeft UIInterfaceOrientationLandscapeRight";
				LD_RUNPATH_SEARCH_PATHS = (
					"$(inherited)",
					"@executable_path/Frameworks",
				);
				MARKETING_VERSION = 1.0;
				PRODUCT_BUNDLE_IDENTIFIER = "niafan.ios-audio-trimmer";
				PRODUCT_NAME = "$(TARGET_NAME)";
				STRING_CATALOG_GENERATE_SYMBOLS = YES;
				SWIFT_APPROACHABLE_CONCURRENCY = YES;
				SWIFT_EMIT_LOC_STRINGS = YES;
				SWIFT_UPCOMING_FEATURE_MEMBER_IMPORT_VISIBILITY = YES;
				SWIFT_VERSION = 5.0;
				TARGETED_DEVICE_FAMILY = "1,2";
			};
			name = Release;
		};
		940A6B292F53437E0036217A /* Debug */ = {
			isa = XCBuildConfiguration;
			buildSettings = {
				BUNDLE_LOADER = "$(TEST_HOST)";
				CODE_SIGN_STYLE = Automatic;
				CURRENT_PROJECT_VERSION = 1;
				DEVELOPMENT_TEAM = 7V8XWW9V4Y;
				GENERATE_INFOPLIST_FILE = YES;
				IPHONEOS_DEPLOYMENT_TARGET = 26.2;
				MARKETING_VERSION = 1.0;
				PRODUCT_BUNDLE_IDENTIFIER = "niafan.ios-audio-trimmerTests";
				PRODUCT_NAME = "$(TARGET_NAME)";
				STRING_CATALOG_GENERATE_SYMBOLS = NO;
				SWIFT_APPROACHABLE_CONCURRENCY = YES;
				SWIFT_EMIT_LOC_STRINGS = NO;
				SWIFT_UPCOMING_FEATURE_MEMBER_IMPORT_VISIBILITY = YES;
				SWIFT_VERSION = 5.0;
				TARGETED_DEVICE_FAMILY = "1,2";
				TEST_HOST = "$(BUILT_PRODUCTS_DIR)/ios-audio-trimmer.app/$(BUNDLE_EXECUTABLE_FOLDER_PATH)/ios-audio-trimmer";
			};
			name = Debug;
		};
		940A6B2A2F53437E0036217A /* Release */ = {
			isa = XCBuildConfiguration;
			buildSettings = {
				BUNDLE_LOADER = "$(TEST_HOST)";
				CODE_SIGN_STYLE = Automatic;
				CURRENT_PROJECT_VERSION = 1;
				DEVELOPMENT_TEAM = 7V8XWW9V4Y;
				GENERATE_INFOPLIST_FILE = YES;
				IPHONEOS_DEPLOYMENT_TARGET = 26.2;
				MARKETING_VERSION = 1.0;
				PRODUCT_BUNDLE_IDENTIFIER = "niafan.ios-audio-trimmerTests";
				PRODUCT_NAME = "$(TARGET_NAME)";
				STRING_CATALOG_GENERATE_SYMBOLS = NO;
				SWIFT_APPROACHABLE_CONCURRENCY = YES;
				SWIFT_EMIT_LOC_STRINGS = NO;
				SWIFT_UPCOMING_FEATURE_MEMBER_IMPORT_VISIBILITY = YES;
				SWIFT_VERSION = 5.0;
				TARGETED_DEVICE_FAMILY = "1,2";
				TEST_HOST = "$(BUILT_PRODUCTS_DIR)/ios-audio-trimmer.app/$(BUNDLE_EXECUTABLE_FOLDER_PATH)/ios-audio-trimmer";
			};
			name = Release;
		};
		940A6B2C2F53437E0036217A /* Debug */ = {
			isa = XCBuildConfiguration;
			buildSettings = {
				CODE_SIGN_STYLE = Automatic;
				CURRENT_PROJECT_VERSION = 1;
				DEVELOPMENT_TEAM = 7V8XWW9V4Y;
				GENERATE_INFOPLIST_FILE = YES;
				MARKETING_VERSION = 1.0;
				PRODUCT_BUNDLE_IDENTIFIER = "niafan.ios-audio-trimmerUITests";
				PRODUCT_NAME = "$(TARGET_NAME)";
				STRING_CATALOG_GENERATE_SYMBOLS = NO;
				SWIFT_APPROACHABLE_CONCURRENCY = YES;
				SWIFT_EMIT_LOC_STRINGS = NO;
				SWIFT_UPCOMING_FEATURE_MEMBER_IMPORT_VISIBILITY = YES;
				SWIFT_VERSION = 5.0;
				TARGETED_DEVICE_FAMILY = "1,2";
				TEST_TARGET_NAME = "ios-audio-trimmer";
			};
			name = Debug;
		};
		940A6B2D2F53437E0036217A /* Release */ = {
			isa = XCBuildConfiguration;
			buildSettings = {
				CODE_SIGN_STYLE = Automatic;
				CURRENT_PROJECT_VERSION = 1;
				DEVELOPMENT_TEAM = 7V8XWW9V4Y;
				GENERATE_INFOPLIST_FILE = YES;
				MARKETING_VERSION = 1.0;
				PRODUCT_BUNDLE_IDENTIFIER = "niafan.ios-audio-trimmerUITests";
				PRODUCT_NAME = "$(TARGET_NAME)";
				STRING_CATALOG_GENERATE_SYMBOLS = NO;
				SWIFT_APPROACHABLE_CONCURRENCY = YES;
				SWIFT_EMIT_LOC_STRINGS = NO;
				SWIFT_UPCOMING_FEATURE_MEMBER_IMPORT_VISIBILITY = YES;
				SWIFT_VERSION = 5.0;
				TARGETED_DEVICE_FAMILY = "1,2";
				TEST_TARGET_NAME = "ios-audio-trimmer";
			};
			name = Release;
		};
/* End XCBuildConfiguration section */

/* Begin XCConfigurationList section */
		940A6AFF2F53437D0036217A /* Build configuration list for PBXProject "ios-audio-trimmer" */ = {
			isa = XCConfigurationList;
			buildConfigurations = (
				940A6B232F53437E0036217A /* Debug */,
				940A6B242F53437E0036217A /* Release */,
			);
			defaultConfigurationIsVisible = 0;
			defaultConfigurationName = Release;
		};
		940A6B252F53437E0036217A /* Build configuration list for PBXNativeTarget "ios-audio-trimmer" */ = {
			isa = XCConfigurationList;
			buildConfigurations = (
				940A6B262F53437E0036217A /* Debug */,
				940A6B272F53437E0036217A /* Release */,
			);
			defaultConfigurationIsVisible = 0;
			defaultConfigurationName = Release;
		};
		940A6B282F53437E0036217A /* Build configuration list for PBXNativeTarget "ios-audio-trimmerTests" */ = {
			isa = XCConfigurationList;
			buildConfigurations = (
				940A6B292F53437E0036217A /* Debug */,
				940A6B2A2F53437E0036217A /* Release */,
			);
			defaultConfigurationIsVisible = 0;
			defaultConfigurationName = Release;
		};
		940A6B2B2F53437E0036217A /* Build configuration list for PBXNativeTarget "ios-audio-trimmerUITests" */ = {
			isa = XCConfigurationList;
			buildConfigurations = (
				940A6B2C2F53437E0036217A /* Debug */,
				940A6B2D2F53437E0036217A /* Release */,
			);
			defaultConfigurationIsVisible = 0;
			defaultConfigurationName = Release;
		};
/* End XCConfigurationList section */

/* Begin XCRemoteSwiftPackageReference section */
		940A6B342F54265A0036217A /* XCRemoteSwiftPackageReference "swift-composable-architecture" */ = {
			isa = XCRemoteSwiftPackageReference;
			repositoryURL = "https://github.com/pointfreeco/swift-composable-architecture";
			requirement = {
				kind = upToNextMajorVersion;
				minimumVersion = 1.24.1;
			};
		};
/* End XCRemoteSwiftPackageReference section */

/* Begin XCSwiftPackageProductDependency section */
		94577B5A2F54318300687B58 /* ComposableArchitecture */ = {
			isa = XCSwiftPackageProductDependency;
			package = 940A6B342F54265A0036217A /* XCRemoteSwiftPackageReference "swift-composable-architecture" */;
			productName = ComposableArchitecture;
		};
/* End XCSwiftPackageProductDependency section */
	};
	rootObject = 940A6AFC2F53437D0036217A /* Project object */;
}
